
Microsoft Visual Studio Solution File, Format Version 12.00
# Visual Studio Version 17
VisualStudioVersion = 17.4.33213.308
MinimumVisualStudioVersion = 10.0.40219.1
Project("{FAE04EC0-301F-11D3-BF4B-00C04F79EFBC}") = "ProvaBackEndFelipeB", "ProvaBackEndFelipeB\ProvaBackEndFelipeB.csproj", "{2BF1DCCC-1188-49E0-9E92-62E76AC20D57}"
EndProject
Global
	GlobalSection(SolutionConfigurationPlatforms) = preSolution
		Debug|Any CPU = Debug|Any CPU
		Release|Any CPU = Release|Any CPU
	EndGlobalSection
	GlobalSection(ProjectConfigurationPlatforms) = postSolution
		{2BF1DCCC-1188-49E0-9E92-62E76AC20D57}.Debug|Any CPU.ActiveCfg = Debug|Any CPU
		{2BF1DCCC-1188-49E0-9E92-62E76AC20D57}.Debug|Any CPU.Build.0 = Debug|Any CPU
		{2BF1DCCC-1188-49E0-9E92-62E76AC20D57}.Release|Any CPU.ActiveCfg = Release|Any CPU
		{2BF1DCCC-1188-49E0-9E92-62E76AC20D57}.Release|Any CPU.Build.0 = Release|Any CPU
	EndGlobalSection
	GlobalSection(SolutionProperties) = preSolution
		HideSolutionNode = FALSE
	EndGlobalSection
	GlobalSection(ExtensibilityGlobals) = postSolution
		SolutionGuid = {0DC2085B-2C65-4EF7-BECF-B47B78B93EF0}
	EndGlobalSection
EndGlobal
